
Microsoft Visual Studio Solution File, Format Version 12.00
# Visual Studio Version 16
VisualStudioVersion = 16.0.30717.126
MinimumVisualStudioVersion = 10.0.40219.1
Project("{9A19103F-16F7-4668-BE54-9A1E7A4F7556}") = "WebAPI", "WebAPI.csproj", "{28F660B7-E88B-4153-A25B-968510719995}"
EndProject
Project("{FAE04EC0-301F-11D3-BF4B-00C04F79EFBC}") = "Domain", "..\Domain\Domain.csproj", "{7A77D178-D76E-4766-887D-09EDF4C08031}"
EndProject
Project("{FAE04EC0-301F-11D3-BF4B-00C04F79EFBC}") = "DAL", "..\DAL\DAL.csproj", "{5519C626-DA76-4577-A9F9-4A1F69ABAF09}"
EndProject
Global
	GlobalSection(SolutionConfigurationPlatforms) = preSolution
		Debug|Any CPU = Debug|Any CPU
		Release|Any CPU = Release|Any CPU
	EndGlobalSection
	GlobalSection(ProjectConfigurationPlatforms) = postSolution
		{28F660B7-E88B-4153-A25B-968510719995}.Debug|Any CPU.ActiveCfg = Debug|Any CPU
		{28F660B7-E88B-4153-A25B-968510719995}.Debug|Any CPU.Build.0 = Debug|Any CPU
		{28F660B7-E88B-4153-A25B-968510719995}.Release|Any CPU.ActiveCfg = Release|Any CPU
		{28F660B7-E88B-4153-A25B-968510719995}.Release|Any CPU.Build.0 = Release|Any CPU
		{7A77D178-D76E-4766-887D-09EDF4C08031}.Debug|Any CPU.ActiveCfg = Debug|Any CPU
		{7A77D178-D76E-4766-887D-09EDF4C08031}.Debug|Any CPU.Build.0 = Debug|Any CPU
		{7A77D178-D76E-4766-887D-09EDF4C08031}.Release|Any CPU.ActiveCfg = Release|Any CPU
		{7A77D178-D76E-4766-887D-09EDF4C08031}.Release|Any CPU.Build.0 = Release|Any CPU
		{5519C626-DA76-4577-A9F9-4A1F69ABAF09}.Debug|Any CPU.ActiveCfg = Debug|Any CPU
		{5519C626-DA76-4577-A9F9-4A1F69ABAF09}.Debug|Any CPU.Build.0 = Debug|Any CPU
		{5519C626-DA76-4577-A9F9-4A1F69ABAF09}.Release|Any CPU.ActiveCfg = Release|Any CPU
		{5519C626-DA76-4577-A9F9-4A1F69ABAF09}.Release|Any CPU.Build.0 = Release|Any CPU
	EndGlobalSection
	GlobalSection(SolutionProperties) = preSolution
		HideSolutionNode = FALSE
	EndGlobalSection
	GlobalSection(ExtensibilityGlobals) = postSolution
		SolutionGuid = {1BC01B5E-DD2C-4ACE-8163-52FA3323377C}
	EndGlobalSection
EndGlobal
